
Microsoft Visual Studio Solution File, Format Version 12.00
# Visual Studio Version 17
VisualStudioVersion = 17.14.36121.58 d17.14
MinimumVisualStudioVersion = 15.0.26124.0
Project("{9A19103F-16F7-4668-BE54-9A1E7A4F7556}") = "TypeaheadComponent", "src\TypeaheadComponent.csproj", "{35F86DB0-5B44-471B-BCDB-8108CAE6E22F}"
EndProject
Project("{2150E333-8FDC-42A3-9474-1A3956D46DE8}") = "Samples", "Samples", "{B3DF8680-26E4-4B3D-830C-C82818CDC305}"
EndProject
Project("{9A19103F-16F7-4668-BE54-9A1E7A4F7556}") = "Sample.Shared", "samples\Shared\Sample.Shared.csproj", "{20036DF3-3C2D-47E3-A3F4-2BC9329FDCF3}"
EndProject
Project("{FAE04EC0-301F-11D3-BF4B-00C04F79EFBC}") = "BlazorWebApp", "Samples\BlazorWebApp\BlazorWebApp\BlazorWebApp.csproj", "{6C9EEEC4-57F8-4B26-B29D-88B9447B8339}"
EndProject
Project("{FAE04EC0-301F-11D3-BF4B-00C04F79EFBC}") = "BlazorWebApp.Client", "Samples\BlazorWebApp\BlazorWebApp.Client\BlazorWebApp.Client.csproj", "{7B0AE1D6-C99E-45A3-8160-AE5D452C97EA}"
EndProject
Global
	GlobalSection(SolutionConfigurationPlatforms) = preSolution
		Debug|Any CPU = Debug|Any CPU
		Debug|x64 = Debug|x64
		Debug|x86 = Debug|x86
		Release|Any CPU = Release|Any CPU
		Release|x64 = Release|x64
		Release|x86 = Release|x86
	EndGlobalSection
	GlobalSection(ProjectConfigurationPlatforms) = postSolution
		{35F86DB0-5B44-471B-BCDB-8108CAE6E22F}.Debug|Any CPU.ActiveCfg = Debug|Any CPU
		{35F86DB0-5B44-471B-BCDB-8108CAE6E22F}.Debug|Any CPU.Build.0 = Debug|Any CPU
		{35F86DB0-5B44-471B-BCDB-8108CAE6E22F}.Debug|x64.ActiveCfg = Debug|Any CPU
		{35F86DB0-5B44-471B-BCDB-8108CAE6E22F}.Debug|x64.Build.0 = Debug|Any CPU
		{35F86DB0-5B44-471B-BCDB-8108CAE6E22F}.Debug|x86.ActiveCfg = Debug|Any CPU
		{35F86DB0-5B44-471B-BCDB-8108CAE6E22F}.Debug|x86.Build.0 = Debug|Any CPU
		{35F86DB0-5B44-471B-BCDB-8108CAE6E22F}.Release|Any CPU.ActiveCfg = Release|Any CPU
		{35F86DB0-5B44-471B-BCDB-8108CAE6E22F}.Release|Any CPU.Build.0 = Release|Any CPU
		{35F86DB0-5B44-471B-BCDB-8108CAE6E22F}.Release|x64.ActiveCfg = Release|Any CPU
		{35F86DB0-5B44-471B-BCDB-8108CAE6E22F}.Release|x64.Build.0 = Release|Any CPU
		{35F86DB0-5B44-471B-BCDB-8108CAE6E22F}.Release|x86.ActiveCfg = Release|Any CPU
		{35F86DB0-5B44-471B-BCDB-8108CAE6E22F}.Release|x86.Build.0 = Release|Any CPU
		{20036DF3-3C2D-47E3-A3F4-2BC9329FDCF3}.Debug|Any CPU.ActiveCfg = Debug|Any CPU
		{20036DF3-3C2D-47E3-A3F4-2BC9329FDCF3}.Debug|Any CPU.Build.0 = Debug|Any CPU
		{20036DF3-3C2D-47E3-A3F4-2BC9329FDCF3}.Debug|x64.ActiveCfg = Debug|Any CPU
		{20036DF3-3C2D-47E3-A3F4-2BC9329FDCF3}.Debug|x64.Build.0 = Debug|Any CPU
		{20036DF3-3C2D-47E3-A3F4-2BC9329FDCF3}.Debug|x86.ActiveCfg = Debug|Any CPU
		{20036DF3-3C2D-47E3-A3F4-2BC9329FDCF3}.Debug|x86.Build.0 = Debug|Any CPU
		{20036DF3-3C2D-47E3-A3F4-2BC9329FDCF3}.Release|Any CPU.ActiveCfg = Release|Any CPU
		{20036DF3-3C2D-47E3-A3F4-2BC9329FDCF3}.Release|Any CPU.Build.0 = Release|Any CPU
		{20036DF3-3C2D-47E3-A3F4-2BC9329FDCF3}.Release|x64.ActiveCfg = Release|Any CPU
		{20036DF3-3C2D-47E3-A3F4-2BC9329FDCF3}.Release|x64.Build.0 = Release|Any CPU
		{20036DF3-3C2D-47E3-A3F4-2BC9329FDCF3}.Release|x86.ActiveCfg = Release|Any CPU
		{20036DF3-3C2D-47E3-A3F4-2BC9329FDCF3}.Release|x86.Build.0 = Release|Any CPU
		{6C9EEEC4-57F8-4B26-B29D-88B9447B8339}.Debug|Any CPU.ActiveCfg = Debug|Any CPU
		{6C9EEEC4-57F8-4B26-B29D-88B9447B8339}.Debug|Any CPU.Build.0 = Debug|Any CPU
		{6C9EEEC4-57F8-4B26-B29D-88B9447B8339}.Debug|x64.ActiveCfg = Debug|Any CPU
		{6C9EEEC4-57F8-4B26-B29D-88B9447B8339}.Debug|x64.Build.0 = Debug|Any CPU
		{6C9EEEC4-57F8-4B26-B29D-88B9447B8339}.Debug|x86.ActiveCfg = Debug|Any CPU
		{6C9EEEC4-57F8-4B26-B29D-88B9447B8339}.Debug|x86.Build.0 = Debug|Any CPU
		{6C9EEEC4-57F8-4B26-B29D-88B9447B8339}.Release|Any CPU.ActiveCfg = Release|Any CPU
		{6C9EEEC4-57F8-4B26-B29D-88B9447B8339}.Release|Any CPU.Build.0 = Release|Any CPU
		{6C9EEEC4-57F8-4B26-B29D-88B9447B8339}.Release|x64.ActiveCfg = Release|Any CPU
		{6C9EEEC4-57F8-4B26-B29D-88B9447B8339}.Release|x64.Build.0 = Release|Any CPU
		{6C9EEEC4-57F8-4B26-B29D-88B9447B8339}.Release|x86.ActiveCfg = Release|Any CPU
		{6C9EEEC4-57F8-4B26-B29D-88B9447B8339}.Release|x86.Build.0 = Release|Any CPU
		{7B0AE1D6-C99E-45A3-8160-AE5D452C97EA}.Debug|Any CPU.ActiveCfg = Debug|Any CPU
		{7B0AE1D6-C99E-45A3-8160-AE5D452C97EA}.Debug|Any CPU.Build.0 = Debug|Any CPU
		{7B0AE1D6-C99E-45A3-8160-AE5D452C97EA}.Debug|x64.ActiveCfg = Debug|Any CPU
		{7B0AE1D6-C99E-45A3-8160-AE5D452C97EA}.Debug|x64.Build.0 = Debug|Any CPU
		{7B0AE1D6-C99E-45A3-8160-AE5D452C97EA}.Debug|x86.ActiveCfg = Debug|Any CPU
		{7B0AE1D6-C99E-45A3-8160-AE5D452C97EA}.Debug|x86.Build.0 = Debug|Any CPU
		{7B0AE1D6-C99E-45A3-8160-AE5D452C97EA}.Release|Any CPU.ActiveCfg = Release|Any CPU
		{7B0AE1D6-C99E-45A3-8160-AE5D452C97EA}.Release|Any CPU.Build.0 = Release|Any CPU
		{7B0AE1D6-C99E-45A3-8160-AE5D452C97EA}.Release|x64.ActiveCfg = Release|Any CPU
		{7B0AE1D6-C99E-45A3-8160-AE5D452C97EA}.Release|x64.Build.0 = Release|Any CPU
		{7B0AE1D6-C99E-45A3-8160-AE5D452C97EA}.Release|x86.ActiveCfg = Release|Any CPU
		{7B0AE1D6-C99E-45A3-8160-AE5D452C97EA}.Release|x86.Build.0 = Release|Any CPU
	EndGlobalSection
	GlobalSection(SolutionProperties) = preSolution
		HideSolutionNode = FALSE
	EndGlobalSection
	GlobalSection(NestedProjects) = preSolution
		{20036DF3-3C2D-47E3-A3F4-2BC9329FDCF3} = {B3DF8680-26E4-4B3D-830C-C82818CDC305}
		{6C9EEEC4-57F8-4B26-B29D-88B9447B8339} = {B3DF8680-26E4-4B3D-830C-C82818CDC305}
		{7B0AE1D6-C99E-45A3-8160-AE5D452C97EA} = {B3DF8680-26E4-4B3D-830C-C82818CDC305}
	EndGlobalSection
	GlobalSection(ExtensibilityGlobals) = postSolution
		SolutionGuid = {9BD4D0B2-6014-4961-A4A3-4EE411FAA3D7}
	EndGlobalSection
EndGlobal
